
Microsoft Visual Studio Solution File, Format Version 12.00
# Visual Studio 2017
Project("{FAE04EC0-301F-11D3-BF4B-00C04F79EFBC}") = "visualisation", "visualisation.csproj", "{D359CD39-971C-8EC8-E002-54B05CCD94A1}"
EndProject
Project("{FAE04EC0-301F-11D3-BF4B-00C04F79EFBC}") = "visualisation.Editor", "visualisation.Editor.csproj", "{7E52F0B6-E52E-607A-F104-6F23D86157B1}"
EndProject
Global
	GlobalSection(SolutionConfigurationPlatforms) = preSolution
		Debug|Any CPU = Debug|Any CPU
		Release|Any CPU = Release|Any CPU
	EndGlobalSection
	GlobalSection(ProjectConfigurationPlatforms) = postSolution
		{D359CD39-971C-8EC8-E002-54B05CCD94A1}.Debug|Any CPU.ActiveCfg = Debug|Any CPU
		{D359CD39-971C-8EC8-E002-54B05CCD94A1}.Debug|Any CPU.Build.0 = Debug|Any CPU
		{D359CD39-971C-8EC8-E002-54B05CCD94A1}.Release|Any CPU.ActiveCfg = Release|Any CPU
		{D359CD39-971C-8EC8-E002-54B05CCD94A1}.Release|Any CPU.Build.0 = Release|Any CPU
		{7E52F0B6-E52E-607A-F104-6F23D86157B1}.Debug|Any CPU.ActiveCfg = Debug|Any CPU
		{7E52F0B6-E52E-607A-F104-6F23D86157B1}.Debug|Any CPU.Build.0 = Debug|Any CPU
		{7E52F0B6-E52E-607A-F104-6F23D86157B1}.Release|Any CPU.ActiveCfg = Release|Any CPU
		{7E52F0B6-E52E-607A-F104-6F23D86157B1}.Release|Any CPU.Build.0 = Release|Any CPU
	EndGlobalSection
	GlobalSection(SolutionProperties) = preSolution
		HideSolutionNode = FALSE
	EndGlobalSection
EndGlobal
